
Microsoft Visual Studio Solution File, Format Version 12.00
# Visual Studio 15
VisualStudioVersion = 15.0.28010.2048
MinimumVisualStudioVersion = 10.0.40219.1
Project("{FAE04EC0-301F-11D3-BF4B-00C04F79EFBC}") = "SegundoParcialAplicada2", "SegundoParcialAplicada2\SegundoParcialAplicada2.csproj", "{6AB535C9-9E3D-437F-A872-8A251E918B72}"
EndProject
Global
	GlobalSection(SolutionConfigurationPlatforms) = preSolution
		Debug|Any CPU = Debug|Any CPU
		Release|Any CPU = Release|Any CPU
	EndGlobalSection
	GlobalSection(ProjectConfigurationPlatforms) = postSolution
		{6AB535C9-9E3D-437F-A872-8A251E918B72}.Debug|Any CPU.ActiveCfg = Debug|Any CPU
		{6AB535C9-9E3D-437F-A872-8A251E918B72}.Debug|Any CPU.Build.0 = Debug|Any CPU
		{6AB535C9-9E3D-437F-A872-8A251E918B72}.Release|Any CPU.ActiveCfg = Release|Any CPU
		{6AB535C9-9E3D-437F-A872-8A251E918B72}.Release|Any CPU.Build.0 = Release|Any CPU
	EndGlobalSection
	GlobalSection(SolutionProperties) = preSolution
		HideSolutionNode = FALSE
	EndGlobalSection
	GlobalSection(ExtensibilityGlobals) = postSolution
		SolutionGuid = {50638AE4-D6FD-4AD1-BC95-0E4BE723D412}
	EndGlobalSection
EndGlobal
